
Microsoft Visual Studio Solution File, Format Version 12.00
# Visual Studio 2013
VisualStudioVersion = 12.0.30723.0
MinimumVisualStudioVersion = 10.0.40219.1
Project("{FAE04EC0-301F-11D3-BF4B-00C04F79EFBC}") = "Engr.FileFormats.AMF", "Engr.FileFormats.AMF\Engr.FileFormats.AMF.csproj", "{0BD85867-6CB8-4EB4-84D2-3F9DAD28314B}"
EndProject
Project("{FAE04EC0-301F-11D3-BF4B-00C04F79EFBC}") = "Engr.FileFormats.STL", "Engr.FileFormats.STL\Engr.FileFormats.STL.csproj", "{69F1A2B6-7CCE-4F48-8101-DED637F1B2C8}"
EndProject
Project("{FAE04EC0-301F-11D3-BF4B-00C04F79EFBC}") = "Engr.FileFormats.IDF", "Engr.FileFormats.IDF\Engr.FileFormats.IDF.csproj", "{851BB7C1-941A-46D9-8D91-964FDF76E668}"
EndProject
Project("{FAE04EC0-301F-11D3-BF4B-00C04F79EFBC}") = "Engr.FileFormats.Tests", "Engr.FileFormats.Tests\Engr.FileFormats.Tests.csproj", "{719E29E5-F429-40E3-8394-9128CEC6EC5E}"
EndProject
Global
	GlobalSection(SolutionConfigurationPlatforms) = preSolution
		Debug|Any CPU = Debug|Any CPU
		Release|Any CPU = Release|Any CPU
	EndGlobalSection
	GlobalSection(ProjectConfigurationPlatforms) = postSolution
		{0BD85867-6CB8-4EB4-84D2-3F9DAD28314B}.Debug|Any CPU.ActiveCfg = Debug|Any CPU
		{0BD85867-6CB8-4EB4-84D2-3F9DAD28314B}.Debug|Any CPU.Build.0 = Debug|Any CPU
		{0BD85867-6CB8-4EB4-84D2-3F9DAD28314B}.Release|Any CPU.ActiveCfg = Release|Any CPU
		{0BD85867-6CB8-4EB4-84D2-3F9DAD28314B}.Release|Any CPU.Build.0 = Release|Any CPU
		{69F1A2B6-7CCE-4F48-8101-DED637F1B2C8}.Debug|Any CPU.ActiveCfg = Debug|Any CPU
		{69F1A2B6-7CCE-4F48-8101-DED637F1B2C8}.Debug|Any CPU.Build.0 = Debug|Any CPU
		{69F1A2B6-7CCE-4F48-8101-DED637F1B2C8}.Release|Any CPU.ActiveCfg = Release|Any CPU
		{69F1A2B6-7CCE-4F48-8101-DED637F1B2C8}.Release|Any CPU.Build.0 = Release|Any CPU
		{851BB7C1-941A-46D9-8D91-964FDF76E668}.Debug|Any CPU.ActiveCfg = Debug|Any CPU
		{851BB7C1-941A-46D9-8D91-964FDF76E668}.Debug|Any CPU.Build.0 = Debug|Any CPU
		{851BB7C1-941A-46D9-8D91-964FDF76E668}.Release|Any CPU.ActiveCfg = Release|Any CPU
		{851BB7C1-941A-46D9-8D91-964FDF76E668}.Release|Any CPU.Build.0 = Release|Any CPU
		{719E29E5-F429-40E3-8394-9128CEC6EC5E}.Debug|Any CPU.ActiveCfg = Debug|Any CPU
		{719E29E5-F429-40E3-8394-9128CEC6EC5E}.Debug|Any CPU.Build.0 = Debug|Any CPU
		{719E29E5-F429-40E3-8394-9128CEC6EC5E}.Release|Any CPU.ActiveCfg = Release|Any CPU
		{719E29E5-F429-40E3-8394-9128CEC6EC5E}.Release|Any CPU.Build.0 = Release|Any CPU
	EndGlobalSection
	GlobalSection(SolutionProperties) = preSolution
		HideSolutionNode = FALSE
	EndGlobalSection
EndGlobal
